
Microsoft Visual Studio Solution File, Format Version 12.00
# Visual Studio Version 17
VisualStudioVersion = 17.5.002.0
MinimumVisualStudioVersion = 10.0.40219.1
Project("{9A19103F-16F7-4668-BE54-9A1E7A4F7556}") = "HelloWorld", "HelloWorld.csproj", "{B9ECA248-7737-457D-8BC0-0D207578F6AA}"
EndProject
Global
	GlobalSection(SolutionConfigurationPlatforms) = preSolution
		Debug|Any CPU = Debug|Any CPU
		Release|Any CPU = Release|Any CPU
	EndGlobalSection
	GlobalSection(ProjectConfigurationPlatforms) = postSolution
		{B9ECA248-7737-457D-8BC0-0D207578F6AA}.Debug|Any CPU.ActiveCfg = Debug|Any CPU
		{B9ECA248-7737-457D-8BC0-0D207578F6AA}.Debug|Any CPU.Build.0 = Debug|Any CPU
		{B9ECA248-7737-457D-8BC0-0D207578F6AA}.Release|Any CPU.ActiveCfg = Release|Any CPU
		{B9ECA248-7737-457D-8BC0-0D207578F6AA}.Release|Any CPU.Build.0 = Release|Any CPU
	EndGlobalSection
	GlobalSection(SolutionProperties) = preSolution
		HideSolutionNode = FALSE
	EndGlobalSection
	GlobalSection(ExtensibilityGlobals) = postSolution
		SolutionGuid = {730AE992-E123-4659-871A-ECDF297DEC09}
	EndGlobalSection
EndGlobal
